
Microsoft Visual Studio Solution File, Format Version 12.00
# Visual Studio Version 16
VisualStudioVersion = 16.0.30011.22
MinimumVisualStudioVersion = 10.0.40219.1
Project("{FAE04EC0-301F-11D3-BF4B-00C04F79EFBC}") = "DAL", "DAL\DAL.csproj", "{789A35B8-677E-48B1-9F8D-1B62C36E604C}"
EndProject
Global
	GlobalSection(SolutionConfigurationPlatforms) = preSolution
		Debug|Any CPU = Debug|Any CPU
		Release|Any CPU = Release|Any CPU
	EndGlobalSection
	GlobalSection(ProjectConfigurationPlatforms) = postSolution
		{789A35B8-677E-48B1-9F8D-1B62C36E604C}.Debug|Any CPU.ActiveCfg = Debug|Any CPU
		{789A35B8-677E-48B1-9F8D-1B62C36E604C}.Debug|Any CPU.Build.0 = Debug|Any CPU
		{789A35B8-677E-48B1-9F8D-1B62C36E604C}.Release|Any CPU.ActiveCfg = Release|Any CPU
		{789A35B8-677E-48B1-9F8D-1B62C36E604C}.Release|Any CPU.Build.0 = Release|Any CPU
	EndGlobalSection
	GlobalSection(SolutionProperties) = preSolution
		HideSolutionNode = FALSE
	EndGlobalSection
	GlobalSection(ExtensibilityGlobals) = postSolution
		SolutionGuid = {F75DC386-1A5C-40C2-89BE-463FE03F658A}
	EndGlobalSection
EndGlobal
